{
  "name": "haraka-plugin-tobira",
  "version": "0.0.1",
  "lockfileVersion": 3,
  "requires": true,
  "packages": {
    "": {
      "name": "haraka-plugin-tobira",
      "version": "0.0.1",
      "license": "MIT",
      "dependencies": {
        "tobira": "^0.0.1"
      },
      "engines": {
        "node": ">=18.0.0"
      }
    },
    "node_modules/tobira": {
      "version": "0.0.1",
      "resolved": "https://registry.npmjs.org/tobira/-/tobira-0.0.1.tgz",
      "integrity": "sha512-DsooRrA6DgI7DWXhK3EnvDynF7yUS2sHadILCaVskZNF4hkbkk+0WxGRC7ud7jJNGslUU/pEK7ra3SFetnRRvA==",
      "license": "MIT"
    }
  }
}
